// !$*UTF8*$!
{
	archiveVersion = 1;
	classes = {
	};
	objectVersion = 50;
	objects = {

/* Begin PBXBuildFile section */
		EE644DFF232D6F98008A9459 /* AppDelegate.swift in Sources */ = {isa = PBXBuildFile; fileRef = EE644DFE232D6F98008A9459 /* AppDelegate.swift */; };
		EE644E01232D6F98008A9459 /* ViewController.swift in Sources */ = {isa = PBXBuildFile; fileRef = EE644E00232D6F98008A9459 /* ViewController.swift */; };
		EE644E04232D6F98008A9459 /* Main.storyboard in Resources */ = {isa = PBXBuildFile; fileRef = EE644E02232D6F98008A9459 /* Main.storyboard */; };
		EE644E06232D6F99008A9459 /* Assets.xcassets in Resources */ = {isa = PBXBuildFile; fileRef = EE644E05232D6F99008A9459 /* Assets.xcassets */; };
		EE644E09232D6F99008A9459 /* LaunchScreen.storyboard in Resources */ = {isa = PBXBuildFile; fileRef = EE644E07232D6F99008A9459 /* LaunchScreen.storyboard */; };
		EE644E14232D6F99008A9459 /* Decision_MakerTests.swift in Sources */ = {isa = PBXBuildFile; fileRef = EE644E13232D6F99008A9459 /* Decision_MakerTests.swift */; };
		EE644E1F232D6F99008A9459 /* Decision_MakerUITests.swift in Sources */ = {isa = PBXBuildFile; fileRef = EE644E1E232D6F99008A9459 /* Decision_MakerUITests.swift */; };
/* End PBXBuildFile section */

/* Begin PBXContainerItemProxy section */
		EE644E10232D6F99008A9459 /* PBXContainerItemProxy */ = {
			isa = PBXContainerItemProxy;
			containerPortal = EE644DF3232D6F98008A9459 /* Project object */;
			proxyType = 1;
			remoteGlobalIDString = EE644DFA232D6F98008A9459;
			remoteInfo = "Decision Maker";
		};
		EE644E1B232D6F99008A9459 /* PBXContainerItemProxy */ = {
			isa = PBXContainerItemProxy;
			containerPortal = EE644DF3232D6F98008A9459 /* Project object */;
			proxyType = 1;
			remoteGlobalIDString = EE644DFA232D6F98008A9459;
			remoteInfo = "Decision Maker";
		};
/* End PBXContainerItemProxy section */

/* Begin PBXFileReference section */
		EE644DFB232D6F98008A9459 /* Decision Maker.app */ = {isa = PBXFileReference; explicitFileType = wrapper.application; includeInIndex = 0; path = "Decision Maker.app"; sourceTree = BUILT_PRODUCTS_DIR; };
		EE644DFE232D6F98008A9459 /* AppDelegate.swift */ = {isa = PBXFileReference; lastKnownFileType = sourcecode.swift; path = AppDelegate.swift; sourceTree = "<group>"; };
		EE644E00232D6F98008A9459 /* ViewController.swift */ = {isa = PBXFileReference; lastKnownFileType = sourcecode.swift; path = ViewController.swift; sourceTree = "<group>"; };
		EE644E03232D6F98008A9459 /* Base */ = {isa = PBXFileReference; lastKnownFileType = file.storyboard; name = Base; path = Base.lproj/Main.storyboard; sourceTree = "<group>"; };
		EE644E05232D6F99008A9459 /* Assets.xcassets */ = {isa = PBXFileReference; lastKnownFileType = folder.assetcatalog; path = Assets.xcassets; sourceTree = "<group>"; };
		EE644E08232D6F99008A9459 /* Base */ = {isa = PBXFileReference; lastKnownFileType = file.storyboard; name = Base; path = Base.lproj/LaunchScreen.storyboard; sourceTree = "<group>"; };
		EE644E0A232D6F99008A9459 /* Info.plist */ = {isa = PBXFileReference; lastKnownFileType = text.plist.xml; path = Info.plist; sourceTree = "<group>"; };
		EE644E0F232D6F99008A9459 /* Decision MakerTests.xctest */ = {isa = PBXFileReference; explicitFileType = wrapper.cfbundle; includeInIndex = 0; path = "Decision MakerTests.xctest"; sourceTree = BUILT_PRODUCTS_DIR; };
		EE644E13232D6F99008A9459 /* Decision_MakerTests.swift */ = {isa = PBXFileReference; lastKnownFileType = sourcecode.swift; path = Decision_MakerTests.swift; sourceTree = "<group>"; };
		EE644E15232D6F99008A9459 /* Info.plist */ = {isa = PBXFileReference; lastKnownFileType = text.plist.xml; path = Info.plist; sourceTree = "<group>"; };
		EE644E1A232D6F99008A9459 /* Decision MakerUITests.xctest */ = {isa = PBXFileReference; explicitFileType = wrapper.cfbundle; includeInIndex = 0; path = "Decision MakerUITests.xctest"; sourceTree = BUILT_PRODUCTS_DIR; };
		EE644E1E232D6F99008A9459 /* Decision_MakerUITests.swift */ = {isa = PBXFileReference; lastKnownFileType = sourcecode.swift; path = Decision_MakerUITests.swift; sourceTree = "<group>"; };
		EE644E20232D6F99008A9459 /* Info.plist */ = {isa = PBXFileReference; lastKnownFileType = text.plist.xml; path = Info.plist; sourceTree = "<group>"; };
/* End PBXFileReference section */

/* Begin PBXFrameworksBuildPhase section */
		EE644DF8232D6F98008A9459 /* Frameworks */ = {
			isa = PBXFrameworksBuildPhase;
			buildActionMask = 2147483647;
			files = (
			);
			runOnlyForDeploymentPostprocessing = 0;
		};
		EE644E0C232D6F99008A9459 /* Frameworks */ = {
			isa = PBXFrameworksBuildPhase;
			buildActionMask = 2147483647;
			files = (
			);
			runOnlyForDeploymentPostprocessing = 0;
		};
		EE644E17232D6F99008A9459 /* Frameworks */ = {
			isa = PBXFrameworksBuildPhase;
			buildActionMask = 2147483647;
			files = (
			);
			runOnlyForDeploymentPostprocessing = 0;
		};
/* End PBXFrameworksBuildPhase section */

/* Begin PBXGroup section */
		EE644DF2232D6F98008A9459 = {
			isa = PBXGroup;
			children = (
				EE644DFD232D6F98008A9459 /* Decision Maker */,
				EE644E12232D6F99008A9459 /* Decision MakerTests */,
				EE644E1D232D6F99008A9459 /* Decision MakerUITests */,
				EE644DFC232D6F98008A9459 /* Products */,
			);
			sourceTree = "<group>";
		};
		EE644DFC232D6F98008A9459 /* Products */ = {
			isa = PBXGroup;
			children = (
				EE644DFB232D6F98008A9459 /* Decision Maker.app */,
				EE644E0F232D6F99008A9459 /* Decision MakerTests.xctest */,
				EE644E1A232D6F99008A9459 /* Decision MakerUITests.xctest */,
			);
			name = Products;
			sourceTree = "<group>";
		};
		EE644DFD232D6F98008A9459 /* Decision Maker */ = {
			isa = PBXGroup;
			children = (
				EE644DFE232D6F98008A9459 /* AppDelegate.swift */,
				EE644E00232D6F98008A9459 /* ViewController.swift */,
				EE644E02232D6F98008A9459 /* Main.storyboard */,
				EE644E05232D6F99008A9459 /* Assets.xcassets */,
				EE644E07232D6F99008A9459 /* LaunchScreen.storyboard */,
				EE644E0A232D6F99008A9459 /* Info.plist */,
			);
			path = "Decision Maker";
			sourceTree = "<group>";
		};
		EE644E12232D6F99008A9459 /* Decision MakerTests */ = {
			isa = PBXGroup;
			children = (
				EE644E13232D6F99008A9459 /* Decision_MakerTests.swift */,
				EE644E15232D6F99008A9459 /* Info.plist */,
			);
			path = "Decision MakerTests";
			sourceTree = "<group>";
		};
		EE644E1D232D6F99008A9459 /* Decision MakerUITests */ = {
			isa = PBXGroup;
			children = (
				EE644E1E232D6F99008A9459 /* Decision_MakerUITests.swift */,
				EE644E20232D6F99008A9459 /* Info.plist */,
			);
			path = "Decision MakerUITests";
			sourceTree = "<group>";
		};
/* End PBXGroup section */

/* Begin PBXNativeTarget section */
		EE644DFA232D6F98008A9459 /* Decision Maker */ = {
			isa = PBXNativeTarget;
			buildConfigurationList = EE644E23232D6F99008A9459 /* Build configuration list for PBXNativeTarget "Decision Maker" */;
			buildPhases = (
				EE644DF7232D6F98008A9459 /* Sources */,
				EE644DF8232D6F98008A9459 /* Frameworks */,
				EE644DF9232D6F98008A9459 /* Resources */,
			);
			buildRules = (
			);
			dependencies = (
			);
			name = "Decision Maker";
			productName = "Decision Maker";
			productReference = EE644DFB232D6F98008A9459 /* Decision Maker.app */;
			productType = "com.apple.product-type.application";
		};
		EE644E0E232D6F99008A9459 /* Decision MakerTests */ = {
			isa = PBXNativeTarget;
			buildConfigurationList = EE644E26232D6F99008A9459 /* Build configuration list for PBXNativeTarget "Decision MakerTests" */;
			buildPhases = (
				EE644E0B232D6F99008A9459 /* Sources */,
				EE644E0C232D6F99008A9459 /* Frameworks */,
				EE644E0D232D6F99008A9459 /* Resources */,
			);
			buildRules = (
			);
			dependencies = (
				EE644E11232D6F99008A9459 /* PBXTargetDependency */,
			);
			name = "Decision MakerTests";
			productName = "Decision MakerTests";
			productReference = EE644E0F232D6F99008A9459 /* Decision MakerTests.xctest */;
			productType = "com.apple.product-type.bundle.unit-test";
		};
		EE644E19232D6F99008A9459 /* Decision MakerUITests */ = {
			isa = PBXNativeTarget;
			buildConfigurationList = EE644E29232D6F99008A9459 /* Build configuration list for PBXNativeTarget "Decision MakerUITests" */;
			buildPhases = (
				EE644E16232D6F99008A9459 /* Sources */,
				EE644E17232D6F99008A9459 /* Frameworks */,
				EE644E18232D6F99008A9459 /* Resources */,
			);
			buildRules = (
			);
			dependencies = (
				EE644E1C232D6F99008A9459 /* PBXTargetDependency */,
			);
			name = "Decision MakerUITests";
			productName = "Decision MakerUITests";
			productReference = EE644E1A232D6F99008A9459 /* Decision MakerUITests.xctest */;
			productType = "com.apple.product-type.bundle.ui-testing";
		};
/* End PBXNativeTarget section */

/* Begin PBXProject section */
		EE644DF3232D6F98008A9459 /* Project object */ = {
			isa = PBXProject;
			attributes = {
				LastSwiftUpdateCheck = 1030;
				LastUpgradeCheck = 1030;
				ORGANIZATIONNAME = "John Zhou";
				TargetAttributes = {
					EE644DFA232D6F98008A9459 = {
						CreatedOnToolsVersion = 10.3;
					};
					EE644E0E232D6F99008A9459 = {
						CreatedOnToolsVersion = 10.3;
						TestTargetID = EE644DFA232D6F98008A9459;
					};
					EE644E19232D6F99008A9459 = {
						CreatedOnToolsVersion = 10.3;
						TestTargetID = EE644DFA232D6F98008A9459;
					};
				};
			};
			buildConfigurationList = EE644DF6232D6F98008A9459 /* Build configuration list for PBXProject "Decision Maker" */;
			compatibilityVersion = "Xcode 9.3";
			developmentRegion = en;
			hasScannedForEncodings = 0;
			knownRegions = (
				en,
				Base,
			);
			mainGroup = EE644DF2232D6F98008A9459;
			productRefGroup = EE644DFC232D6F98008A9459 /* Products */;
			projectDirPath = "";
			projectRoot = "";
			targets = (
				EE644DFA232D6F98008A9459 /* Decision Maker */,
				EE644E0E232D6F99008A9459 /* Decision MakerTests */,
				EE644E19232D6F99008A9459 /* Decision MakerUITests */,
			);
		};
/* End PBXProject section */

/* Begin PBXResourcesBuildPhase section */
		EE644DF9232D6F98008A9459 /* Resources */ = {
			isa = PBXResourcesBuildPhase;
			buildActionMask = 2147483647;
			files = (
				EE644E09232D6F99008A9459 /* LaunchScreen.storyboard in Resources */,
				EE644E06232D6F99008A9459 /* Assets.xcassets in Resources */,
				EE644E04232D6F98008A9459 /* Main.storyboard in Resources */,
			);
			runOnlyForDeploymentPostprocessing = 0;
		};
		EE644E0D232D6F99008A9459 /* Resources */ = {
			isa = PBXResourcesBuildPhase;
			buildActionMask = 2147483647;
			files = (
			);
			runOnlyForDeploymentPostprocessing = 0;
		};
		EE644E18232D6F99008A9459 /* Resources */ = {
			isa = PBXResourcesBuildPhase;
			buildActionMask = 2147483647;
			files = (
			);
			runOnlyForDeploymentPostprocessing = 0;
		};
/* End PBXResourcesBuildPhase section */

/* Begin PBXSourcesBuildPhase section */
		EE644DF7232D6F98008A9459 /* Sources */ = {
			isa = PBXSourcesBuildPhase;
			buildActionMask = 2147483647;
			files = (
				EE644E01232D6F98008A9459 /* ViewController.swift in Sources */,
				EE644DFF232D6F98008A9459 /* AppDelegate.swift in Sources */,
			);
			runOnlyForDeploymentPostprocessing = 0;
		};
		EE644E0B232D6F99008A9459 /* Sources */ = {
			isa = PBXSourcesBuildPhase;
			buildActionMask = 2147483647;
			files = (
				EE644E14232D6F99008A9459 /* Decision_MakerTests.swift in Sources */,
			);
			runOnlyForDeploymentPostprocessing = 0;
		};
		EE644E16232D6F99008A9459 /* Sources */ = {
			isa = PBXSourcesBuildPhase;
			buildActionMask = 2147483647;
			files = (
				EE644E1F232D6F99008A9459 /* Decision_MakerUITests.swift in Sources */,
			);
			runOnlyForDeploymentPostprocessing = 0;
		};
/* End PBXSourcesBuildPhase section */

/* Begin PBXTargetDependency section */
		EE644E11232D6F99008A9459 /* PBXTargetDependency */ = {
			isa = PBXTargetDependency;
			target = EE644DFA232D6F98008A9459 /* Decision Maker */;
			targetProxy = EE644E10232D6F99008A9459 /* PBXContainerItemProxy */;
		};
		EE644E1C232D6F99008A9459 /* PBXTargetDependency */ = {
			isa = PBXTargetDependency;
			target = EE644DFA232D6F98008A9459 /* Decision Maker */;
			targetProxy = EE644E1B232D6F99008A9459 /* PBXContainerItemProxy */;
		};
/* End PBXTargetDependency section */

/* Begin PBXVariantGroup section */
		EE644E02232D6F98008A9459 /* Main.storyboard */ = {
			isa = PBXVariantGroup;
			children = (
				EE644E03232D6F98008A9459 /* Base */,
			);
			name = Main.storyboard;
			sourceTree = "<group>";
		};
		EE644E07232D6F99008A9459 /* LaunchScreen.storyboard */ = {
			isa = PBXVariantGroup;
			children = (
				EE644E08232D6F99008A9459 /* Base */,
			);
			name = LaunchScreen.storyboard;
			sourceTree = "<group>";
		};
/* End PBXVariantGroup section */

/* Begin XCBuildConfiguration section */
		EE644E21232D6F99008A9459 /* Debug */ = {
			isa = XCBuildConfiguration;
			buildSettings = {
				ALWAYS_SEARCH_USER_PATHS = NO;
				CLANG_ANALYZER_NONNULL = YES;
				CLANG_ANALYZER_NUMBER_OBJECT_CONVERSION = YES_AGGRESSIVE;
				CLANG_CXX_LANGUAGE_STANDARD = "gnu++14";
				CLANG_CXX_LIBRARY = "libc++";
				CLANG_ENABLE_MODULES = YES;
				CLANG_ENABLE_OBJC_ARC = YES;
				CLANG_ENABLE_OBJC_WEAK = YES;
				CLANG_WARN_BLOCK_CAPTURE_AUTORELEASING = YES;
				CLANG_WARN_BOOL_CONVERSION = YES;
				CLANG_WARN_COMMA = YES;
				CLANG_WARN_CONSTANT_CONVERSION = YES;
				CLANG_WARN_DEPRECATED_OBJC_IMPLEMENTATIONS = YES;
				CLANG_WARN_DIRECT_OBJC_ISA_USAGE = YES_ERROR;
				CLANG_WARN_DOCUMENTATION_COMMENTS = YES;
				CLANG_WARN_EMPTY_BODY = YES;
				CLANG_WARN_ENUM_CONVERSION = YES;
				CLANG_WARN_INFINITE_RECURSION = YES;
				CLANG_WARN_INT_CONVERSION = YES;
				CLANG_WARN_NON_LITERAL_NULL_CONVERSION = YES;
				CLANG_WARN_OBJC_IMPLICIT_RETAIN_SELF = YES;
				CLANG_WARN_OBJC_LITERAL_CONVERSION = YES;
				CLANG_WARN_OBJC_ROOT_CLASS = YES_ERROR;
				CLANG_WARN_RANGE_LOOP_ANALYSIS = YES;
				CLANG_WARN_STRICT_PROTOTYPES = YES;
				CLANG_WARN_SUSPICIOUS_MOVE = YES;
				CLANG_WARN_UNGUARDED_AVAILABILITY = YES_AGGRESSIVE;
				CLANG_WARN_UNREACHABLE_CODE = YES;
				CLANG_WARN__DUPLICATE_METHOD_MATCH = YES;
				CODE_SIGN_IDENTITY = "iPhone Developer";
				COPY_PHASE_STRIP = NO;
				DEBUG_INFORMATION_FORMAT = dwarf;
				ENABLE_STRICT_OBJC_MSGSEND = YES;
				ENABLE_TESTABILITY = YES;
				GCC_C_LANGUAGE_STANDARD = gnu11;
				GCC_DYNAMIC_NO_PIC = NO;
				GCC_NO_COMMON_BLOCKS = YES;
				GCC_OPTIMIZATION_LEVEL = 0;
				GCC_PREPROCESSOR_DEFINITIONS = (
					"DEBUG=1",
					"$(inherited)",
				);
				GCC_WARN_64_TO_32_BIT_CONVERSION = YES;
				GCC_WARN_ABOUT_RETURN_TYPE = YES_ERROR;
				GCC_WARN_UNDECLARED_SELECTOR = YES;
				GCC_WARN_UNINITIALIZED_AUTOS = YES_AGGRESSIVE;
				GCC_WARN_UNUSED_FUNCTION = YES;
				GCC_WARN_UNUSED_VARIABLE = YES;
				IPHONEOS_DEPLOYMENT_TARGET = 12.4;
				MTL_ENABLE_DEBUG_INFO = INCLUDE_SOURCE;
				MTL_FAST_MATH = YES;
				ONLY_ACTIVE_ARCH = YES;
				SDKROOT = iphoneos;
				SWIFT_ACTIVE_COMPILATION_CONDITIONS = DEBUG;
				SWIFT_OPTIMIZATION_LEVEL = "-Onone";
			};
			name = Debug;
		};
		EE644E22232D6F99008A9459 /* Release */ = {
			isa = XCBuildConfiguration;
			buildSettings = {
				ALWAYS_SEARCH_USER_PATHS = NO;
				CLANG_ANALYZER_NONNULL = YES;
				CLANG_ANALYZER_NUMBER_OBJECT_CONVERSION = YES_AGGRESSIVE;
				CLANG_CXX_LANGUAGE_STANDARD = "gnu++14";
				CLANG_CXX_LIBRARY = "libc++";
				CLANG_ENABLE_MODULES = YES;
				CLANG_ENABLE_OBJC_ARC = YES;
				CLANG_ENABLE_OBJC_WEAK = YES;
				CLANG_WARN_BLOCK_CAPTURE_AUTORELEASING = YES;
				CLANG_WARN_BOOL_CONVERSION = YES;
				CLANG_WARN_COMMA = YES;
				CLANG_WARN_CONSTANT_CONVERSION = YES;
				CLANG_WARN_DEPRECATED_OBJC_IMPLEMENTATIONS = YES;
				CLANG_WARN_DIRECT_OBJC_ISA_USAGE = YES_ERROR;
				CLANG_WARN_DOCUMENTATION_COMMENTS = YES;
				CLANG_WARN_EMPTY_BODY = YES;
				CLANG_WARN_ENUM_CONVERSION = YES;
				CLANG_WARN_INFINITE_RECURSION = YES;
				CLANG_WARN_INT_CONVERSION = YES;
				CLANG_WARN_NON_LITERAL_NULL_CONVERSION = YES;
				CLANG_WARN_OBJC_IMPLICIT_RETAIN_SELF = YES;
				CLANG_WARN_OBJC_LITERAL_CONVERSION = YES;
				CLANG_WARN_OBJC_ROOT_CLASS = YES_ERROR;
				CLANG_WARN_RANGE_LOOP_ANALYSIS = YES;
				CLANG_WARN_STRICT_PROTOTYPES = YES;
				CLANG_WARN_SUSPICIOUS_MOVE = YES;
				CLANG_WARN_UNGUARDED_AVAILABILITY = YES_AGGRESSIVE;
				CLANG_WARN_UNREACHABLE_CODE = YES;
				CLANG_WARN__DUPLICATE_METHOD_MATCH = YES;
				CODE_SIGN_IDENTITY = "iPhone Developer";
				COPY_PHASE_STRIP = NO;
				DEBUG_INFORMATION_FORMAT = "dwarf-with-dsym";
				ENABLE_NS_ASSERTIONS = NO;
				ENABLE_STRICT_OBJC_MSGSEND = YES;
				GCC_C_LANGUAGE_STANDARD = gnu11;
				GCC_NO_COMMON_BLOCKS = YES;
				GCC_WARN_64_TO_32_BIT_CONVERSION = YES;
				GCC_WARN_ABOUT_RETURN_TYPE = YES_ERROR;
				GCC_WARN_UNDECLARED_SELECTOR = YES;
				GCC_WARN_UNINITIALIZED_AUTOS = YES_AGGRESSIVE;
				GCC_WARN_UNUSED_FUNCTION = YES;
				GCC_WARN_UNUSED_VARIABLE = YES;
				IPHONEOS_DEPLOYMENT_TARGET = 12.4;
				MTL_ENABLE_DEBUG_INFO = NO;
				MTL_FAST_MATH = YES;
				SDKROOT = iphoneos;
				SWIFT_COMPILATION_MODE = wholemodule;
				SWIFT_OPTIMIZATION_LEVEL = "-O";
				VALIDATE_PRODUCT = YES;
			};
			name = Release;
		};
		EE644E24232D6F99008A9459 /* Debug */ = {
			isa = XCBuildConfiguration;
			buildSettings = {
				ASSETCATALOG_COMPILER_APPICON_NAME = AppIcon;
				CODE_SIGN_STYLE = Automatic;
				DEVELOPMENT_TEAM = 9M37R4KVTN;
				INFOPLIST_FILE = "Decision Maker/Info.plist";
				IPHONEOS_DEPLOYMENT_TARGET = 12.4;
				LD_RUNPATH_SEARCH_PATHS = (
					"$(inherited)",
					"@executable_path/Frameworks",
				);
				PRODUCT_BUNDLE_IDENTIFIER = "JohnZhouDev.Decision-Maker";
				PRODUCT_NAME = "$(TARGET_NAME)";
				SWIFT_VERSION = 5.0;
				TARGETED_DEVICE_FAMILY = "1,2";
			};
			name = Debug;
		};
		EE644E25232D6F99008A9459 /* Release */ = {
			isa = XCBuildConfiguration;
			buildSettings = {
				ASSETCATALOG_COMPILER_APPICON_NAME = AppIcon;
				CODE_SIGN_STYLE = Automatic;
				DEVELOPMENT_TEAM = 9M37R4KVTN;
				INFOPLIST_FILE = "Decision Maker/Info.plist";
				IPHONEOS_DEPLOYMENT_TARGET = 12.4;
				LD_RUNPATH_SEARCH_PATHS = (
					"$(inherited)",
					"@executable_path/Frameworks",
				);
				PRODUCT_BUNDLE_IDENTIFIER = "JohnZhouDev.Decision-Maker";
				PRODUCT_NAME = "$(TARGET_NAME)";
				SWIFT_VERSION = 5.0;
				TARGETED_DEVICE_FAMILY = "1,2";
			};
			name = Release;
		};
		EE644E27232D6F99008A9459 /* Debug */ = {
			isa = XCBuildConfiguration;
			buildSettings = {
				ALWAYS_EMBED_SWIFT_STANDARD_LIBRARIES = YES;
				BUNDLE_LOADER = "$(TEST_HOST)";
				CODE_SIGN_STYLE = Automatic;
				INFOPLIST_FILE = "Decision MakerTests/Info.plist";
				LD_RUNPATH_SEARCH_PATHS = (
					"$(inherited)",
					"@executable_path/Frameworks",
					"@loader_path/Frameworks",
				);
				PRODUCT_BUNDLE_IDENTIFIER = "JohnZhouDev.Decision-MakerTests";
				PRODUCT_NAME = "$(TARGET_NAME)";
				SWIFT_VERSION = 5.0;
				TARGETED_DEVICE_FAMILY = "1,2";
				TEST_HOST = "$(BUILT_PRODUCTS_DIR)/Decision Maker.app/Decision Maker";
			};
			name = Debug;
		};
		EE644E28232D6F99008A9459 /* Release */ = {
			isa = XCBuildConfiguration;
			buildSettings = {
				ALWAYS_EMBED_SWIFT_STANDARD_LIBRARIES = YES;
				BUNDLE_LOADER = "$(TEST_HOST)";
				CODE_SIGN_STYLE = Automatic;
				INFOPLIST_FILE = "Decision MakerTests/Info.plist";
				LD_RUNPATH_SEARCH_PATHS = (
					"$(inherited)",
					"@executable_path/Frameworks",
					"@loader_path/Frameworks",
				);
				PRODUCT_BUNDLE_IDENTIFIER = "JohnZhouDev.Decision-MakerTests";
				PRODUCT_NAME = "$(TARGET_NAME)";
				SWIFT_VERSION = 5.0;
				TARGETED_DEVICE_FAMILY = "1,2";
				TEST_HOST = "$(BUILT_PRODUCTS_DIR)/Decision Maker.app/Decision Maker";
			};
			name = Release;
		};
		EE644E2A232D6F99008A9459 /* Debug */ = {
			isa = XCBuildConfiguration;
			buildSettings = {
				ALWAYS_EMBED_SWIFT_STANDARD_LIBRARIES = YES;
				CODE_SIGN_STYLE = Automatic;
				INFOPLIST_FILE = "Decision MakerUITests/Info.plist";
				LD_RUNPATH_SEARCH_PATHS = (
					"$(inherited)",
					"@executable_path/Frameworks",
					"@loader_path/Frameworks",
				);
				PRODUCT_BUNDLE_IDENTIFIER = "JohnZhouDev.Decision-MakerUITests";
				PRODUCT_NAME = "$(TARGET_NAME)";
				SWIFT_VERSION = 5.0;
				TARGETED_DEVICE_FAMILY = "1,2";
				TEST_TARGET_NAME = "Decision Maker";
			};
			name = Debug;
		};
		EE644E2B232D6F99008A9459 /* Release */ = {
			isa = XCBuildConfiguration;
			buildSettings = {
				ALWAYS_EMBED_SWIFT_STANDARD_LIBRARIES = YES;
				CODE_SIGN_STYLE = Automatic;
				INFOPLIST_FILE = "Decision MakerUITests/Info.plist";
				LD_RUNPATH_SEARCH_PATHS = (
					"$(inherited)",
					"@executable_path/Frameworks",
					"@loader_path/Frameworks",
				);
				PRODUCT_BUNDLE_IDENTIFIER = "JohnZhouDev.Decision-MakerUITests";
				PRODUCT_NAME = "$(TARGET_NAME)";
				SWIFT_VERSION = 5.0;
				TARGETED_DEVICE_FAMILY = "1,2";
				TEST_TARGET_NAME = "Decision Maker";
			};
			name = Release;
		};
/* End XCBuildConfiguration section */

/* Begin XCConfigurationList section */
		EE644DF6232D6F98008A9459 /* Build configuration list for PBXProject "Decision Maker" */ = {
			isa = XCConfigurationList;
			buildConfigurations = (
				EE644E21232D6F99008A9459 /* Debug */,
				EE644E22232D6F99008A9459 /* Release */,
			);
			defaultConfigurationIsVisible = 0;
			defaultConfigurationName = Release;
		};
		EE644E23232D6F99008A9459 /* Build configuration list for PBXNativeTarget "Decision Maker" */ = {
			isa = XCConfigurationList;
			buildConfigurations = (
				EE644E24232D6F99008A9459 /* Debug */,
				EE644E25232D6F99008A9459 /* Release */,
			);
			defaultConfigurationIsVisible = 0;
			defaultConfigurationName = Release;
		};
		EE644E26232D6F99008A9459 /* Build configuration list for PBXNativeTarget "Decision MakerTests" */ = {
			isa = XCConfigurationList;
			buildConfigurations = (
				EE644E27232D6F99008A9459 /* Debug */,
				EE644E28232D6F99008A9459 /* Release */,
			);
			defaultConfigurationIsVisible = 0;
			defaultConfigurationName = Release;
		};
		EE644E29232D6F99008A9459 /* Build configuration list for PBXNativeTarget "Decision MakerUITests" */ = {
			isa = XCConfigurationList;
			buildConfigurations = (
				EE644E2A232D6F99008A9459 /* Debug */,
				EE644E2B232D6F99008A9459 /* Release */,
			);
			defaultConfigurationIsVisible = 0;
			defaultConfigurationName = Release;
		};
/* End XCConfigurationList section */
	};
	rootObject = EE644DF3232D6F98008A9459 /* Project object */;
}
